{
    "_meta": {
        "hash": {
            "sha256": "3a5ea1c60f96b64393da694732a4f37d56cd8fde40af25e9a9ef6bcecf54c3ac"
        },
        "pipfile-spec": 6,
        "requires": {
            "python_version": "3.9"
        },
        "sources": [
            {
                "name": "pypi",
                "url": "https://pypi.org/simple",
                "verify_ssl": true
            }
        ]
    },
    "default": {
        "beautifulsoup4": {
            "hashes": [
                "sha256:2130a5ad7f513200fae61a17abb5e338ca980fa28c439c0571014bc0217e9591",
                "sha256:c5fceeaec29d09c84970e47c65f2f0efe57872f7cff494c9691a26ec0ff13234"
            ],
            "markers": "python_full_version >= '3.6.0'",
            "version": "==4.12.0"
        },
        "bs4": {
            "hashes": [
                "sha256:36ecea1fd7cc5c0c6e4a1ff075df26d50da647b75376626cc186e2212886dd3a"
            ],
            "index": "pypi",
            "version": "==0.0.1"
        },
        "soupsieve": {
            "hashes": [
                "sha256:49e5368c2cda80ee7e84da9dbe3e110b70a4575f196efb74e51b94549d921955",
                "sha256:e28dba9ca6c7c00173e34e4ba57448f0688bb681b7c5e8bf4971daafc093d69a"
            ],
            "markers": "python_version >= '3.7'",
            "version": "==2.4"
        }
    },
    "develop": {}
}
