{
    "_meta": {
        "hash": {
            "sha256": "ef6ec0724fab7ce6a5699d14ac568bfc3a7a1d2b0cdb19a43c90f2c6f1346132"
        },
        "pipfile-spec": 6,
        "requires": {
            "python_version": "3.9"
        },
        "sources": [
            {
                "name": "pypi",
                "url": "https://pypi.org/simple",
                "verify_ssl": true
            }
        ]
    },
    "default": {
        "prettytable": {
            "hashes": [
                "sha256:43c9e23272ca253d038ae76fe3adde89794e92e7fcab2ddf5b94b38642ef4f21",
                "sha256:f546d42de21ac14d791c91e4e9814f02271f4a5bf27b894457914be7513dc92b"
            ],
            "index": "pypi",
            "version": "==3.1.1"
        },
        "wcwidth": {
            "hashes": [
                "sha256:beb4802a9cebb9144e99086eff703a642a13d6a0052920003a230f3294bbe784",
                "sha256:c4d647b99872929fdb7bdcaa4fbe7f01413ed3d98077df798530e5b04f116c83"
            ],
            "version": "==0.2.5"
        }
    },
    "develop": {}
}
